{
    "name": "chat-app",
    "version": "0.0.1",
    "lockfileVersion": 1,
    "requires": true,
    "dependencies": {
        "active-x-obfuscator": {
            "version": "0.0.1",
            "resolved": "https://registry.npmjs.org/active-x-obfuscator/-/active-x-obfuscator-0.0.1.tgz",
            "integrity": "sha1-CJuJs3FF/x2ex0r2UwvlUmyuHxo=",
            "requires": {
                "zeparser": "0.0.5"
            }
        },
        "ansi-regex": {
            "version": "3.0.0",
            "resolved": "https://registry.npmjs.org/ansi-regex/-/ansi-regex-3.0.0.tgz",
            "integrity": "sha1-7QMXwyIGT3lGbAKWa922Bas32Zg="
        },
        "base64id": {
            "version": "0.1.0",
            "resolved": "https://registry.npmjs.org/base64id/-/base64id-0.1.0.tgz",
            "integrity": "sha1-As4P3u4M709ACA4ec+g08LG/zj8="
        },
        "batch": {
            "version": "0.5.0",
            "resolved": "https://registry.npmjs.org/batch/-/batch-0.5.0.tgz",
            "integrity": "sha1-/S4Fp6XWlrTbkxQBPihdj/NVfsM="
        },
        "buffer-crc32": {
            "version": "0.2.1",
            "resolved": "https://registry.npmjs.org/buffer-crc32/-/buffer-crc32-0.2.1.tgz",
            "integrity": "sha1-vj5TgvwCttYySVasGvmKqYsIU0w="
        },
        "bytes": {
            "version": "0.2.1",
            "resolved": "https://registry.npmjs.org/bytes/-/bytes-0.2.1.tgz",
            "integrity": "sha1-VVsIq8sGP4l1kFMCUj5M1P/f3zE="
        },
        "camelcase": {
            "version": "4.1.0",
            "resolved": "https://registry.npmjs.org/camelcase/-/camelcase-4.1.0.tgz",
            "integrity": "sha1-1UVjW+HjPFQmScaRc+Xeas+uNN0="
        },
        "cliui": {
            "version": "4.0.0",
            "resolved": "https://registry.npmjs.org/cliui/-/cliui-4.0.0.tgz",
            "integrity": "sha512-nY3W5Gu2racvdDk//ELReY+dHjb9PlIcVDFXP72nVIhq2Gy3LuVXYwJoPVudwQnv1shtohpgkdCKT2YaKY0CKw==",
            "requires": {
                "string-width": "2.1.1",
                "strip-ansi": "4.0.0",
                "wrap-ansi": "2.1.0"
            }
        },
        "code-point-at": {
            "version": "1.1.0",
            "resolved": "https://registry.npmjs.org/code-point-at/-/code-point-at-1.1.0.tgz",
            "integrity": "sha1-DQcLTQQ6W+ozovGkDi7bPZpMz3c="
        },
        "commander": {
            "version": "1.3.2",
            "resolved": "https://registry.npmjs.org/commander/-/commander-1.3.2.tgz",
            "integrity": "sha1-io8w7GcKb91kr1LxkUuQfXnq1bU=",
            "requires": {
                "keypress": "0.1.0"
            }
        },
        "connect": {
            "version": "2.12.0",
            "resolved": "https://registry.npmjs.org/connect/-/connect-2.12.0.tgz",
            "integrity": "sha1-Mdj6DcrN8ZCNgivSkjvootKn7Zo=",
            "requires": {
                "batch": "0.5.0",
                "buffer-crc32": "0.2.1",
                "bytes": "0.2.1",
                "cookie": "0.1.0",
                "cookie-signature": "1.0.1",
                "debug": "0.8.1",
                "fresh": "0.2.0",
                "methods": "0.1.0",
                "multiparty": "2.2.0",
                "negotiator": "0.3.0",
                "pause": "0.0.1",
                "qs": "0.6.6",
                "raw-body": "1.1.2",
                "send": "0.1.4",
                "uid2": "0.0.3"
            }
        },
        "cookie": {
            "version": "0.1.0",
            "resolved": "https://registry.npmjs.org/cookie/-/cookie-0.1.0.tgz",
            "integrity": "sha1-kOtGndzpBchm3mh+/EMTHYgB+dA="
        },
        "cookie-signature": {
            "version": "1.0.1",
            "resolved": "https://registry.npmjs.org/cookie-signature/-/cookie-signature-1.0.1.tgz",
            "integrity": "sha1-ROByFIrwHm6OJK+/EmkNaK5pjss="
        },
        "core-util-is": {
            "version": "1.0.2",
            "resolved": "https://registry.npmjs.org/core-util-is/-/core-util-is-1.0.2.tgz",
            "integrity": "sha1-tf1UIgqivFq1eqtxQMlAdUUDwac="
        },
        "cross-spawn": {
            "version": "5.1.0",
            "resolved": "https://registry.npmjs.org/cross-spawn/-/cross-spawn-5.1.0.tgz",
            "integrity": "sha1-6L0O/uWPz/b4+UUQoKVUu/ojVEk=",
            "requires": {
                "lru-cache": "4.1.2",
                "shebang-command": "1.2.0",
                "which": "1.3.0"
            }
        },
        "debug": {
            "version": "0.8.1",
            "resolved": "https://registry.npmjs.org/debug/-/debug-0.8.1.tgz",
            "integrity": "sha1-IP9NJvXkIstoobrLu2EDmtjBwTA="
        },
        "decamelize": {
            "version": "1.2.0",
            "resolved": "https://registry.npmjs.org/decamelize/-/decamelize-1.2.0.tgz",
            "integrity": "sha1-9lNNFRSCabIDUue+4m9QH5oZEpA="
        },
        "execa": {
            "version": "0.7.0",
            "resolved": "https://registry.npmjs.org/execa/-/execa-0.7.0.tgz",
            "integrity": "sha1-lEvs00zEHuMqY6n68nrVpl/Fl3c=",
            "requires": {
                "cross-spawn": "5.1.0",
                "get-stream": "3.0.0",
                "is-stream": "1.1.0",
                "npm-run-path": "2.0.2",
                "p-finally": "1.0.0",
                "signal-exit": "3.0.2",
                "strip-eof": "1.0.0"
            }
        },
        "express": {
            "version": "3.4.8",
            "resolved": "https://registry.npmjs.org/express/-/express-3.4.8.tgz",
            "integrity": "sha1-qnqJht4HBTM39Lxe2aZFPZzI4uE=",
            "requires": {
                "buffer-crc32": "0.2.1",
                "commander": "1.3.2",
                "connect": "2.12.0",
                "cookie": "0.1.0",
                "cookie-signature": "1.0.1",
                "debug": "0.8.1",
                "fresh": "0.2.0",
                "merge-descriptors": "0.0.1",
                "methods": "0.1.0",
                "mkdirp": "0.3.5",
                "range-parser": "0.0.4",
                "send": "0.1.4"
            }
        },
        "find-up": {
            "version": "2.1.0",
            "resolved": "https://registry.npmjs.org/find-up/-/find-up-2.1.0.tgz",
            "integrity": "sha1-RdG35QbHF93UgndaK3eSCjwMV6c=",
            "requires": {
                "locate-path": "2.0.0"
            }
        },
        "fresh": {
            "version": "0.2.0",
            "resolved": "https://registry.npmjs.org/fresh/-/fresh-0.2.0.tgz",
            "integrity": "sha1-v9lALPPfEsSkwxDHn5mj3eE9NKc="
        },
        "get-caller-file": {
            "version": "1.0.2",
            "resolved": "https://registry.npmjs.org/get-caller-file/-/get-caller-file-1.0.2.tgz",
            "integrity": "sha1-9wLmMSfn4jHBYKgMFVSstw1QR+U="
        },
        "get-stream": {
            "version": "3.0.0",
            "resolved": "https://registry.npmjs.org/get-stream/-/get-stream-3.0.0.tgz",
            "integrity": "sha1-jpQ9E1jcN1VQVOy+LtsFqhdO3hQ="
        },
        "inherits": {
            "version": "2.0.3",
            "resolved": "https://registry.npmjs.org/inherits/-/inherits-2.0.3.tgz",
            "integrity": "sha1-Yzwsg+PaQqUC9SRmAiSA9CCCYd4="
        },
        "invert-kv": {
            "version": "1.0.0",
            "resolved": "https://registry.npmjs.org/invert-kv/-/invert-kv-1.0.0.tgz",
            "integrity": "sha1-EEqOSqym09jNFXqO+L+rLXo//bY="
        },
        "is-fullwidth-code-point": {
            "version": "2.0.0",
            "resolved": "https://registry.npmjs.org/is-fullwidth-code-point/-/is-fullwidth-code-point-2.0.0.tgz",
            "integrity": "sha1-o7MKXE8ZkYMWeqq5O+764937ZU8="
        },
        "is-stream": {
            "version": "1.1.0",
            "resolved": "https://registry.npmjs.org/is-stream/-/is-stream-1.1.0.tgz",
            "integrity": "sha1-EtSj3U5o4Lec6428hBc66A2RykQ="
        },
        "isarray": {
            "version": "0.0.1",
            "resolved": "https://registry.npmjs.org/isarray/-/isarray-0.0.1.tgz",
            "integrity": "sha1-ihis/Kmo9Bd+Cav8YDiTmwXR7t8="
        },
        "isexe": {
            "version": "2.0.0",
            "resolved": "https://registry.npmjs.org/isexe/-/isexe-2.0.0.tgz",
            "integrity": "sha1-6PvzdNxVb/iUehDcsFctYz8s+hA="
        },
        "keypress": {
            "version": "0.1.0",
            "resolved": "https://registry.npmjs.org/keypress/-/keypress-0.1.0.tgz",
            "integrity": "sha1-SjGI1CkbZrT2XtuZ+AaqmuKTWSo="
        },
        "lcid": {
            "version": "1.0.0",
            "resolved": "https://registry.npmjs.org/lcid/-/lcid-1.0.0.tgz",
            "integrity": "sha1-MIrMr6C8SDo4Z7S28rlQYlHRuDU=",
            "requires": {
                "invert-kv": "1.0.0"
            }
        },
        "locate-path": {
            "version": "2.0.0",
            "resolved": "https://registry.npmjs.org/locate-path/-/locate-path-2.0.0.tgz",
            "integrity": "sha1-K1aLJl7slExtnA3pw9u7ygNUzY4=",
            "requires": {
                "p-locate": "2.0.0",
                "path-exists": "3.0.0"
            }
        },
        "lru-cache": {
            "version": "4.1.2",
            "resolved": "https://registry.npmjs.org/lru-cache/-/lru-cache-4.1.2.tgz",
            "integrity": "sha512-wgeVXhrDwAWnIF/yZARsFnMBtdFXOg1b8RIrhilp+0iDYN4mdQcNZElDZ0e4B64BhaxeQ5zN7PMyvu7we1kPeQ==",
            "requires": {
                "pseudomap": "1.0.2",
                "yallist": "2.1.2"
            }
        },
        "mem": {
            "version": "1.1.0",
            "resolved": "https://registry.npmjs.org/mem/-/mem-1.1.0.tgz",
            "integrity": "sha1-Xt1StIXKHZAP5kiVUFOZoN+kX3Y=",
            "requires": {
                "mimic-fn": "1.2.0"
            }
        },
        "merge-descriptors": {
            "version": "0.0.1",
            "resolved": "https://registry.npmjs.org/merge-descriptors/-/merge-descriptors-0.0.1.tgz",
            "integrity": "sha1-L/CYDJJM+B0LXR+2ARd8uLtWwNA="
        },
        "methods": {
            "version": "0.1.0",
            "resolved": "https://registry.npmjs.org/methods/-/methods-0.1.0.tgz",
            "integrity": "sha1-M11Cnu/SG3us8unJIqjSvRSjDk8="
        },
        "mime": {
            "version": "1.2.11",
            "resolved": "https://registry.npmjs.org/mime/-/mime-1.2.11.tgz",
            "integrity": "sha1-WCA+7Ybjpe8XrtK32evUfwpg3RA="
        },
        "mimic-fn": {
            "version": "1.2.0",
            "resolved": "https://registry.npmjs.org/mimic-fn/-/mimic-fn-1.2.0.tgz",
            "integrity": "sha512-jf84uxzwiuiIVKiOLpfYk7N46TSy8ubTonmneY9vrpHNAnp0QBt2BxWV9dO3/j+BoVAb+a5G6YDPW3M5HOdMWQ=="
        },
        "mkdirp": {
            "version": "0.3.5",
            "resolved": "https://registry.npmjs.org/mkdirp/-/mkdirp-0.3.5.tgz",
            "integrity": "sha1-3j5fiWHIjHh+4TaN+EmsRBPsqNc="
        },
        "multiparty": {
            "version": "2.2.0",
            "resolved": "https://registry.npmjs.org/multiparty/-/multiparty-2.2.0.tgz",
            "integrity": "sha1-pWfCrwAK0i3I8qZT2Rl4rh9TFvQ=",
            "requires": {
                "readable-stream": "1.1.14",
                "stream-counter": "0.2.0"
            }
        },
        "nan": {
            "version": "1.0.0",
            "resolved": "https://registry.npmjs.org/nan/-/nan-1.0.0.tgz",
            "integrity": "sha1-riT4hQgY1mL8q1rPfzuVv6oszzg="
        },
        "negotiator": {
            "version": "0.3.0",
            "resolved": "https://registry.npmjs.org/negotiator/-/negotiator-0.3.0.tgz",
            "integrity": "sha1-cG1pLv7d9XTVfqn7GriaT6fuj2A="
        },
        "npm-run-path": {
            "version": "2.0.2",
            "resolved": "https://registry.npmjs.org/npm-run-path/-/npm-run-path-2.0.2.tgz",
            "integrity": "sha1-NakjLfo11wZ7TLLd8jV7GHFTbF8=",
            "requires": {
                "path-key": "2.0.1"
            }
        },
        "number-is-nan": {
            "version": "1.0.1",
            "resolved": "https://registry.npmjs.org/number-is-nan/-/number-is-nan-1.0.1.tgz",
            "integrity": "sha1-CXtgK1NCKlIsGvuHkDGDNpQaAR0="
        },
        "options": {
            "version": "0.0.6",
            "resolved": "https://registry.npmjs.org/options/-/options-0.0.6.tgz",
            "integrity": "sha1-7CLTEoBrtT5zF3Pnza788cZDEo8="
        },
        "os-locale": {
            "version": "2.1.0",
            "resolved": "https://registry.npmjs.org/os-locale/-/os-locale-2.1.0.tgz",
            "integrity": "sha512-3sslG3zJbEYcaC4YVAvDorjGxc7tv6KVATnLPZONiljsUncvihe9BQoVCEs0RZ1kmf4Hk9OBqlZfJZWI4GanKA==",
            "requires": {
                "execa": "0.7.0",
                "lcid": "1.0.0",
                "mem": "1.1.0"
            }
        },
        "p-finally": {
            "version": "1.0.0",
            "resolved": "https://registry.npmjs.org/p-finally/-/p-finally-1.0.0.tgz",
            "integrity": "sha1-P7z7FbiZpEEjs0ttzBi3JDNqLK4="
        },
        "p-limit": {
            "version": "1.2.0",
            "resolved": "https://registry.npmjs.org/p-limit/-/p-limit-1.2.0.tgz",
            "integrity": "sha512-Y/OtIaXtUPr4/YpMv1pCL5L5ed0rumAaAeBSj12F+bSlMdys7i8oQF/GUJmfpTS/QoaRrS/k6pma29haJpsMng==",
            "requires": {
                "p-try": "1.0.0"
            }
        },
        "p-locate": {
            "version": "2.0.0",
            "resolved": "https://registry.npmjs.org/p-locate/-/p-locate-2.0.0.tgz",
            "integrity": "sha1-IKAQOyIqcMj9OcwuWAaA893l7EM=",
            "requires": {
                "p-limit": "1.2.0"
            }
        },
        "p-try": {
            "version": "1.0.0",
            "resolved": "https://registry.npmjs.org/p-try/-/p-try-1.0.0.tgz",
            "integrity": "sha1-y8ec26+P1CKOE/Yh8rGiN8GyB7M="
        },
        "path-exists": {
            "version": "3.0.0",
            "resolved": "https://registry.npmjs.org/path-exists/-/path-exists-3.0.0.tgz",
            "integrity": "sha1-zg6+ql94yxiSXqfYENe1mwEP1RU="
        },
        "path-key": {
            "version": "2.0.1",
            "resolved": "https://registry.npmjs.org/path-key/-/path-key-2.0.1.tgz",
            "integrity": "sha1-QRyttXTFoUDTpLGRDUDYDMn0C0A="
        },
        "pause": {
            "version": "0.0.1",
            "resolved": "https://registry.npmjs.org/pause/-/pause-0.0.1.tgz",
            "integrity": "sha1-HUCLP9t2kjuVQ9lvtMnf1TXZy10="
        },
        "policyfile": {
            "version": "0.0.4",
            "resolved": "https://registry.npmjs.org/policyfile/-/policyfile-0.0.4.tgz",
            "integrity": "sha1-1rgurZiueeviKOLa9ZAzEeyYLk0="
        },
        "pseudomap": {
            "version": "1.0.2",
            "resolved": "https://registry.npmjs.org/pseudomap/-/pseudomap-1.0.2.tgz",
            "integrity": "sha1-8FKijacOYYkX7wqKw0wa5aaChrM="
        },
        "qs": {
            "version": "0.6.6",
            "resolved": "https://registry.npmjs.org/qs/-/qs-0.6.6.tgz",
            "integrity": "sha1-bgFQmP9RlouKPIGQAdXyyJvEsQc="
        },
        "range-parser": {
            "version": "0.0.4",
            "resolved": "https://registry.npmjs.org/range-parser/-/range-parser-0.0.4.tgz",
            "integrity": "sha1-wEJ//vUcEKy6B4KkbJYC50T/Ygs="
        },
        "raw-body": {
            "version": "1.1.2",
            "resolved": "https://registry.npmjs.org/raw-body/-/raw-body-1.1.2.tgz",
            "integrity": "sha1-x0swBN6l3v0WlhcRBqx0DsMdYr4=",
            "requires": {
                "bytes": "0.2.1"
            }
        },
        "readable-stream": {
            "version": "1.1.14",
            "resolved": "https://registry.npmjs.org/readable-stream/-/readable-stream-1.1.14.tgz",
            "integrity": "sha1-fPTFTvZI44EwhMY23SB54WbAgdk=",
            "requires": {
                "core-util-is": "1.0.2",
                "inherits": "2.0.3",
                "isarray": "0.0.1",
                "string_decoder": "0.10.31"
            }
        },
        "redis": {
            "version": "0.7.3",
            "resolved": "https://registry.npmjs.org/redis/-/redis-0.7.3.tgz",
            "integrity": "sha1-7le3pE0l7BWU5ENl2BZfp9HUgRo=",
            "optional": true
        },
        "require-directory": {
            "version": "2.1.1",
            "resolved": "https://registry.npmjs.org/require-directory/-/require-directory-2.1.1.tgz",
            "integrity": "sha1-jGStX9MNqxyXbiNE/+f3kqam30I="
        },
        "require-main-filename": {
            "version": "1.0.1",
            "resolved": "https://registry.npmjs.org/require-main-filename/-/require-main-filename-1.0.1.tgz",
            "integrity": "sha1-l/cXtp1IeE9fUmpsWqj/3aBVpNE="
        },
        "send": {
            "version": "0.1.4",
            "resolved": "https://registry.npmjs.org/send/-/send-0.1.4.tgz",
            "integrity": "sha1-vnDY0b4B3mGCGvE3gLUDRaT3Gr0=",
            "requires": {
                "debug": "0.8.1",
                "fresh": "0.2.0",
                "mime": "1.2.11",
                "range-parser": "0.0.4"
            }
        },
        "set-blocking": {
            "version": "2.0.0",
            "resolved": "https://registry.npmjs.org/set-blocking/-/set-blocking-2.0.0.tgz",
            "integrity": "sha1-BF+XgtARrppoA93TgrJDkrPYkPc="
        },
        "shebang-command": {
            "version": "1.2.0",
            "resolved": "https://registry.npmjs.org/shebang-command/-/shebang-command-1.2.0.tgz",
            "integrity": "sha1-RKrGW2lbAzmJaMOfNj/uXer98eo=",
            "requires": {
                "shebang-regex": "1.0.0"
            }
        },
        "shebang-regex": {
            "version": "1.0.0",
            "resolved": "https://registry.npmjs.org/shebang-regex/-/shebang-regex-1.0.0.tgz",
            "integrity": "sha1-2kL0l0DAtC2yypcoVxyxkMmO/qM="
        },
        "signal-exit": {
            "version": "3.0.2",
            "resolved": "https://registry.npmjs.org/signal-exit/-/signal-exit-3.0.2.tgz",
            "integrity": "sha1-tf3AjxKH6hF4Yo5BXiUTK3NkbG0="
        },
        "socket.io": {
            "version": "0.9.19",
            "resolved": "https://registry.npmjs.org/socket.io/-/socket.io-0.9.19.tgz",
            "integrity": "sha1-SQu1/Q3FTPAC7gTmf638Q7hIo48=",
            "requires": {
                "base64id": "0.1.0",
                "policyfile": "0.0.4",
                "redis": "0.7.3",
                "socket.io-client": "0.9.16"
            }
        },
        "socket.io-client": {
            "version": "0.9.16",
            "resolved": "https://registry.npmjs.org/socket.io-client/-/socket.io-client-0.9.16.tgz",
            "integrity": "sha1-TadRXF53MEHRtCOXBBW8xDDzX8Y=",
            "requires": {
                "active-x-obfuscator": "0.0.1",
                "uglify-js": "1.2.5",
                "ws": "0.4.32",
                "xmlhttprequest": "1.4.2"
            }
        },
        "stream-counter": {
            "version": "0.2.0",
            "resolved": "https://registry.npmjs.org/stream-counter/-/stream-counter-0.2.0.tgz",
            "integrity": "sha1-3tJmVWMZyLDiIoErnPOyb6fZR94=",
            "requires": {
                "readable-stream": "1.1.14"
            }
        },
        "string-width": {
            "version": "2.1.1",
            "resolved": "https://registry.npmjs.org/string-width/-/string-width-2.1.1.tgz",
            "integrity": "sha512-nOqH59deCq9SRHlxq1Aw85Jnt4w6KvLKqWVik6oA9ZklXLNIOlqg4F2yrT1MVaTjAqvVwdfeZ7w7aCvJD7ugkw==",
            "requires": {
                "is-fullwidth-code-point": "2.0.0",
                "strip-ansi": "4.0.0"
            }
        },
        "string_decoder": {
            "version": "0.10.31",
            "resolved": "https://registry.npmjs.org/string_decoder/-/string_decoder-0.10.31.tgz",
            "integrity": "sha1-YuIDvEF2bGwoyfyEMB2rHFMQ+pQ="
        },
        "strip-ansi": {
            "version": "4.0.0",
            "resolved": "https://registry.npmjs.org/strip-ansi/-/strip-ansi-4.0.0.tgz",
            "integrity": "sha1-qEeQIusaw2iocTibY1JixQXuNo8=",
            "requires": {
                "ansi-regex": "3.0.0"
            }
        },
        "strip-eof": {
            "version": "1.0.0",
            "resolved": "https://registry.npmjs.org/strip-eof/-/strip-eof-1.0.0.tgz",
            "integrity": "sha1-u0P/VZim6wXYm1n80SnJgzE2Br8="
        },
        "tinycolor": {
            "version": "0.0.1",
            "resolved": "https://registry.npmjs.org/tinycolor/-/tinycolor-0.0.1.tgz",
            "integrity": "sha1-MgtaUtg6u1l42Bo+iH1K77FaYWQ="
        },
        "uglify-js": {
            "version": "1.2.5",
            "resolved": "https://registry.npmjs.org/uglify-js/-/uglify-js-1.2.5.tgz",
            "integrity": "sha1-tULCx29477NLIAsgF3Y0Mw/3ArY="
        },
        "uid2": {
            "version": "0.0.3",
            "resolved": "https://registry.npmjs.org/uid2/-/uid2-0.0.3.tgz",
            "integrity": "sha1-SDEm4Rd03y9xuLY53NeZw3YWK4I="
        },
        "which": {
            "version": "1.3.0",
            "resolved": "https://registry.npmjs.org/which/-/which-1.3.0.tgz",
            "integrity": "sha512-xcJpopdamTuY5duC/KnTTNBraPK54YwpenP4lzxU8H91GudWpFv38u0CKjclE1Wi2EH2EDz5LRcHcKbCIzqGyg==",
            "requires": {
                "isexe": "2.0.0"
            }
        },
        "which-module": {
            "version": "2.0.0",
            "resolved": "https://registry.npmjs.org/which-module/-/which-module-2.0.0.tgz",
            "integrity": "sha1-2e8H3Od7mQK4o6j6SzHD4/fm6Ho="
        },
        "wrap-ansi": {
            "version": "2.1.0",
            "resolved": "https://registry.npmjs.org/wrap-ansi/-/wrap-ansi-2.1.0.tgz",
            "integrity": "sha1-2Pw9KE3QV5T+hJc8rs3Rz4JP3YU=",
            "requires": {
                "string-width": "1.0.2",
                "strip-ansi": "3.0.1"
            },
            "dependencies": {
                "ansi-regex": {
                    "version": "2.1.1",
                    "resolved": "https://registry.npmjs.org/ansi-regex/-/ansi-regex-2.1.1.tgz",
                    "integrity": "sha1-w7M6te42DYbg5ijwRorn7yfWVN8="
                },
                "is-fullwidth-code-point": {
                    "version": "1.0.0",
                    "resolved": "https://registry.npmjs.org/is-fullwidth-code-point/-/is-fullwidth-code-point-1.0.0.tgz",
                    "integrity": "sha1-754xOG8DGn8NZDr4L95QxFfvAMs=",
                    "requires": {
                        "number-is-nan": "1.0.1"
                    }
                },
                "string-width": {
                    "version": "1.0.2",
                    "resolved": "https://registry.npmjs.org/string-width/-/string-width-1.0.2.tgz",
                    "integrity": "sha1-EYvfW4zcUaKn5w0hHgfisLmxB9M=",
                    "requires": {
                        "code-point-at": "1.1.0",
                        "is-fullwidth-code-point": "1.0.0",
                        "strip-ansi": "3.0.1"
                    }
                },
                "strip-ansi": {
                    "version": "3.0.1",
                    "resolved": "https://registry.npmjs.org/strip-ansi/-/strip-ansi-3.0.1.tgz",
                    "integrity": "sha1-ajhfuIU9lS1f8F0Oiq+UJ43GPc8=",
                    "requires": {
                        "ansi-regex": "2.1.1"
                    }
                }
            }
        },
        "ws": {
            "version": "0.4.32",
            "resolved": "https://registry.npmjs.org/ws/-/ws-0.4.32.tgz",
            "integrity": "sha1-eHphVEFPPJntg8V3IVOyD+sM7DI=",
            "requires": {
                "commander": "2.1.0",
                "nan": "1.0.0",
                "options": "0.0.6",
                "tinycolor": "0.0.1"
            },
            "dependencies": {
                "commander": {
                    "version": "2.1.0",
                    "resolved": "https://registry.npmjs.org/commander/-/commander-2.1.0.tgz",
                    "integrity": "sha1-0SG7roYNmZKj1Re6lvVliOR8Z4E="
                }
            }
        },
        "xmlhttprequest": {
            "version": "1.4.2",
            "resolved": "https://registry.npmjs.org/xmlhttprequest/-/xmlhttprequest-1.4.2.tgz",
            "integrity": "sha1-AUU6HZvtHo8XL2SVu/TIxCYyFQA="
        },
        "y18n": {
            "version": "3.2.1",
            "resolved": "https://registry.npmjs.org/y18n/-/y18n-3.2.1.tgz",
            "integrity": "sha1-bRX7qITAhnnA136I53WegR4H+kE="
        },
        "yallist": {
            "version": "2.1.2",
            "resolved": "https://registry.npmjs.org/yallist/-/yallist-2.1.2.tgz",
            "integrity": "sha1-HBH5IY8HYImkfdUS+TxmmaaoHVI="
        },
        "yargs": {
            "version": "11.0.0",
            "resolved": "https://registry.npmjs.org/yargs/-/yargs-11.0.0.tgz",
            "integrity": "sha512-Rjp+lMYQOWtgqojx1dEWorjCofi1YN7AoFvYV7b1gx/7dAAeuI4kN5SZiEvr0ZmsZTOpDRcCqrpI10L31tFkBw==",
            "requires": {
                "cliui": "4.0.0",
                "decamelize": "1.2.0",
                "find-up": "2.1.0",
                "get-caller-file": "1.0.2",
                "os-locale": "2.1.0",
                "require-directory": "2.1.1",
                "require-main-filename": "1.0.1",
                "set-blocking": "2.0.0",
                "string-width": "2.1.1",
                "which-module": "2.0.0",
                "y18n": "3.2.1",
                "yargs-parser": "9.0.2"
            }
        },
        "yargs-parser": {
            "version": "9.0.2",
            "resolved": "https://registry.npmjs.org/yargs-parser/-/yargs-parser-9.0.2.tgz",
            "integrity": "sha1-nM9qQ0YP5O1Aqbto9I1DuKaMwHc=",
            "requires": {
                "camelcase": "4.1.0"
            }
        },
        "zeparser": {
            "version": "0.0.5",
            "resolved": "https://registry.npmjs.org/zeparser/-/zeparser-0.0.5.tgz",
            "integrity": "sha1-A3JlYbwmjy5URPVMZlt/1KjAKeI="
        }
    }
}
